
Microsoft Visual Studio Solution File, Format Version 12.00
# Visual Studio 14
VisualStudioVersion = 14.0.25420.1
MinimumVisualStudioVersion = 10.0.40219.1
Project("{FAE04EC0-301F-11D3-BF4B-00C04F79EFBC}") = "OrderSystem", "OrderSystem\OrderSystem.csproj", "{7CB3F434-20FD-41B9-B970-9B96B6450765}"
EndProject
Project("{FAE04EC0-301F-11D3-BF4B-00C04F79EFBC}") = "YummyOnlineDAO", "YummyOnlineDAO\YummyOnlineDAO.csproj", "{89C93A27-AED6-4DB7-95E0-168C8C6E4531}"
EndProject
Project("{FAE04EC0-301F-11D3-BF4B-00C04F79EFBC}") = "HotelDAO", "HotelDAO\HotelDAO.csproj", "{B17FC72A-8690-4072-B49F-EC98AB59F944}"
EndProject
Project("{FAE04EC0-301F-11D3-BF4B-00C04F79EFBC}") = "AsynchronousTcp", "AsynchronousTcp\AsynchronousTcp.csproj", "{C7DF2C8C-8EDB-4CB0-A384-412EC7B8B14F}"
EndProject
Project("{FAE04EC0-301F-11D3-BF4B-00C04F79EFBC}") = "YummyOnlineTcpClient", "YummyOnlineTcpClient\YummyOnlineTcpClient.csproj", "{EC57DD19-5FAE-4217-AD83-6914E2718C71}"
EndProject
Project("{FAE04EC0-301F-11D3-BF4B-00C04F79EFBC}") = "AutoPrinter", "AutoPrinter\AutoPrinter.csproj", "{5F642D99-C4A1-4DA6-9C19-1FA8CE0B4740}"
EndProject
Project("{FAE04EC0-301F-11D3-BF4B-00C04F79EFBC}") = "Protocol", "Protocol\Protocol.csproj", "{08106E56-C685-4860-AF3A-396DD9333299}"
EndProject
Project("{2150E333-8FDC-42A3-9474-1A3956D46DE8}") = "TCP", "TCP", "{088B6A77-501B-439B-9236-5534BC0A6B1A}"
EndProject
Project("{2150E333-8FDC-42A3-9474-1A3956D46DE8}") = "DAOs", "DAOs", "{9DB5E405-3DB3-4DCA-B035-F7613923DCDD}"
EndProject
Project("{FAE04EC0-301F-11D3-BF4B-00C04F79EFBC}") = "YummyOnline", "YummyOnline\YummyOnline.csproj", "{CD8E6416-C98E-40B0-8B9B-FA5444A2943C}"
EndProject
Project("{FAE04EC0-301F-11D3-BF4B-00C04F79EFBC}") = "HotelDAOModels", "HotelDAOModels\HotelDAOModels.csproj", "{C9F71545-1363-4AD1-B50B-DC903FD66770}"
EndProject
Project("{FAE04EC0-301F-11D3-BF4B-00C04F79EFBC}") = "YummyOnlineDAOModels", "YummyOnlineDAOModels\YummyOnlineDAOModels.csproj", "{3625134D-BF70-4481-A2E8-4150256DEF32}"
EndProject
Project("{FAE04EC0-301F-11D3-BF4B-00C04F79EFBC}") = "GetPassword", "GetPassword\GetPassword.csproj", "{349B8473-E13C-4C43-A204-BDD08E8AB466}"
EndProject
Project("{FAE04EC0-301F-11D3-BF4B-00C04F79EFBC}") = "TcpClientTest", "TcpClientTest\TcpClientTest.csproj", "{BAD1D890-D10F-4FBB-85DA-E6722F07619C}"
EndProject
Project("{FAE04EC0-301F-11D3-BF4B-00C04F79EFBC}") = "YummyOnlineTcpServer", "YummyOnlineTcpServer\YummyOnlineTcpServer.csproj", "{AF4CAA4D-3EBA-4A06-9BAF-2F096784D06E}"
EndProject
Project("{FAE04EC0-301F-11D3-BF4B-00C04F79EFBC}") = "OrderSystem.Waiter", "OrderSystem.Waiter\OrderSystem.Waiter.csproj", "{E7C8F610-DF4E-4C30-A7A3-60C1F7EBCE79}"
EndProject
Project("{FAE04EC0-301F-11D3-BF4B-00C04F79EFBC}") = "Utility", "Utility\Utility.csproj", "{8B2AF470-27A1-4DC9-B228-0942DC9E85A1}"
EndProject
Project("{2150E333-8FDC-42A3-9474-1A3956D46DE8}") = "Test", "Test", "{E4866795-707E-4901-884A-7B14630E045C}"
EndProject
Project("{FAE04EC0-301F-11D3-BF4B-00C04F79EFBC}") = "TestApplication", "TestApplication\TestApplication.csproj", "{24167913-2CDB-4AD5-8974-CB378F5E752A}"
EndProject
Project("{FAE04EC0-301F-11D3-BF4B-00C04F79EFBC}") = "Management", "Management\Management.csproj", "{D10A4090-C626-418E-82CD-5A49983C5660}"
EndProject
Project("{FAE04EC0-301F-11D3-BF4B-00C04F79EFBC}") = "WeChat", "WeChat\WeChat.csproj", "{D9A54414-424A-4EA7-B84B-41A6E9E25453}"
EndProject
Global
	GlobalSection(SolutionConfigurationPlatforms) = preSolution
		CompanyServer|Any CPU = CompanyServer|Any CPU
		Debug|Any CPU = Debug|Any CPU
		Release|Any CPU = Release|Any CPU
	EndGlobalSection
	GlobalSection(ProjectConfigurationPlatforms) = postSolution
		{7CB3F434-20FD-41B9-B970-9B96B6450765}.CompanyServer|Any CPU.ActiveCfg = CompanyServer|Any CPU
		{7CB3F434-20FD-41B9-B970-9B96B6450765}.CompanyServer|Any CPU.Build.0 = CompanyServer|Any CPU
		{7CB3F434-20FD-41B9-B970-9B96B6450765}.Debug|Any CPU.ActiveCfg = Debug|Any CPU
		{7CB3F434-20FD-41B9-B970-9B96B6450765}.Debug|Any CPU.Build.0 = Debug|Any CPU
		{7CB3F434-20FD-41B9-B970-9B96B6450765}.Release|Any CPU.ActiveCfg = Release|Any CPU
		{7CB3F434-20FD-41B9-B970-9B96B6450765}.Release|Any CPU.Build.0 = Release|Any CPU
		{89C93A27-AED6-4DB7-95E0-168C8C6E4531}.CompanyServer|Any CPU.ActiveCfg = CompanyServer|Any CPU
		{89C93A27-AED6-4DB7-95E0-168C8C6E4531}.CompanyServer|Any CPU.Build.0 = CompanyServer|Any CPU
		{89C93A27-AED6-4DB7-95E0-168C8C6E4531}.Debug|Any CPU.ActiveCfg = Debug|Any CPU
		{89C93A27-AED6-4DB7-95E0-168C8C6E4531}.Debug|Any CPU.Build.0 = Debug|Any CPU
		{89C93A27-AED6-4DB7-95E0-168C8C6E4531}.Release|Any CPU.ActiveCfg = Release|Any CPU
		{89C93A27-AED6-4DB7-95E0-168C8C6E4531}.Release|Any CPU.Build.0 = Release|Any CPU
		{B17FC72A-8690-4072-B49F-EC98AB59F944}.CompanyServer|Any CPU.ActiveCfg = CompanyServer|Any CPU
		{B17FC72A-8690-4072-B49F-EC98AB59F944}.CompanyServer|Any CPU.Build.0 = CompanyServer|Any CPU
		{B17FC72A-8690-4072-B49F-EC98AB59F944}.Debug|Any CPU.ActiveCfg = Debug|Any CPU
		{B17FC72A-8690-4072-B49F-EC98AB59F944}.Debug|Any CPU.Build.0 = Debug|Any CPU
		{B17FC72A-8690-4072-B49F-EC98AB59F944}.Release|Any CPU.ActiveCfg = Release|Any CPU
		{B17FC72A-8690-4072-B49F-EC98AB59F944}.Release|Any CPU.Build.0 = Release|Any CPU
		{C7DF2C8C-8EDB-4CB0-A384-412EC7B8B14F}.CompanyServer|Any CPU.ActiveCfg = CompanyServer|Any CPU
		{C7DF2C8C-8EDB-4CB0-A384-412EC7B8B14F}.CompanyServer|Any CPU.Build.0 = CompanyServer|Any CPU
		{C7DF2C8C-8EDB-4CB0-A384-412EC7B8B14F}.CompanyServer|Any CPU.Deploy.0 = CompanyServer|Any CPU
		{C7DF2C8C-8EDB-4CB0-A384-412EC7B8B14F}.Debug|Any CPU.ActiveCfg = Debug|Any CPU
		{C7DF2C8C-8EDB-4CB0-A384-412EC7B8B14F}.Debug|Any CPU.Build.0 = Debug|Any CPU
		{C7DF2C8C-8EDB-4CB0-A384-412EC7B8B14F}.Release|Any CPU.ActiveCfg = Release|Any CPU
		{C7DF2C8C-8EDB-4CB0-A384-412EC7B8B14F}.Release|Any CPU.Build.0 = Release|Any CPU
		{EC57DD19-5FAE-4217-AD83-6914E2718C71}.CompanyServer|Any CPU.ActiveCfg = CompanyServer|Any CPU
		{EC57DD19-5FAE-4217-AD83-6914E2718C71}.CompanyServer|Any CPU.Build.0 = CompanyServer|Any CPU
		{EC57DD19-5FAE-4217-AD83-6914E2718C71}.Debug|Any CPU.ActiveCfg = Debug|Any CPU
		{EC57DD19-5FAE-4217-AD83-6914E2718C71}.Debug|Any CPU.Build.0 = Debug|Any CPU
		{EC57DD19-5FAE-4217-AD83-6914E2718C71}.Release|Any CPU.ActiveCfg = Release|Any CPU
		{EC57DD19-5FAE-4217-AD83-6914E2718C71}.Release|Any CPU.Build.0 = Release|Any CPU
		{5F642D99-C4A1-4DA6-9C19-1FA8CE0B4740}.CompanyServer|Any CPU.ActiveCfg = CompanyServer|Any CPU
		{5F642D99-C4A1-4DA6-9C19-1FA8CE0B4740}.CompanyServer|Any CPU.Build.0 = CompanyServer|Any CPU
		{5F642D99-C4A1-4DA6-9C19-1FA8CE0B4740}.Debug|Any CPU.ActiveCfg = Debug|Any CPU
		{5F642D99-C4A1-4DA6-9C19-1FA8CE0B4740}.Debug|Any CPU.Build.0 = Debug|Any CPU
		{5F642D99-C4A1-4DA6-9C19-1FA8CE0B4740}.Release|Any CPU.ActiveCfg = Release|Any CPU
		{5F642D99-C4A1-4DA6-9C19-1FA8CE0B4740}.Release|Any CPU.Build.0 = Release|Any CPU
		{08106E56-C685-4860-AF3A-396DD9333299}.CompanyServer|Any CPU.ActiveCfg = CompanyServer|Any CPU
		{08106E56-C685-4860-AF3A-396DD9333299}.CompanyServer|Any CPU.Build.0 = CompanyServer|Any CPU
		{08106E56-C685-4860-AF3A-396DD9333299}.Debug|Any CPU.ActiveCfg = Debug|Any CPU
		{08106E56-C685-4860-AF3A-396DD9333299}.Debug|Any CPU.Build.0 = Debug|Any CPU
		{08106E56-C685-4860-AF3A-396DD9333299}.Release|Any CPU.ActiveCfg = Release|Any CPU
		{08106E56-C685-4860-AF3A-396DD9333299}.Release|Any CPU.Build.0 = Release|Any CPU
		{CD8E6416-C98E-40B0-8B9B-FA5444A2943C}.CompanyServer|Any CPU.ActiveCfg = CompanyServer|Any CPU
		{CD8E6416-C98E-40B0-8B9B-FA5444A2943C}.CompanyServer|Any CPU.Build.0 = CompanyServer|Any CPU
		{CD8E6416-C98E-40B0-8B9B-FA5444A2943C}.Debug|Any CPU.ActiveCfg = Debug|Any CPU
		{CD8E6416-C98E-40B0-8B9B-FA5444A2943C}.Debug|Any CPU.Build.0 = Debug|Any CPU
		{CD8E6416-C98E-40B0-8B9B-FA5444A2943C}.Release|Any CPU.ActiveCfg = Release|Any CPU
		{CD8E6416-C98E-40B0-8B9B-FA5444A2943C}.Release|Any CPU.Build.0 = Release|Any CPU
		{C9F71545-1363-4AD1-B50B-DC903FD66770}.CompanyServer|Any CPU.ActiveCfg = CompanyServer|Any CPU
		{C9F71545-1363-4AD1-B50B-DC903FD66770}.CompanyServer|Any CPU.Build.0 = CompanyServer|Any CPU
		{C9F71545-1363-4AD1-B50B-DC903FD66770}.Debug|Any CPU.ActiveCfg = Debug|Any CPU
		{C9F71545-1363-4AD1-B50B-DC903FD66770}.Debug|Any CPU.Build.0 = Debug|Any CPU
		{C9F71545-1363-4AD1-B50B-DC903FD66770}.Release|Any CPU.ActiveCfg = Release|Any CPU
		{C9F71545-1363-4AD1-B50B-DC903FD66770}.Release|Any CPU.Build.0 = Release|Any CPU
		{3625134D-BF70-4481-A2E8-4150256DEF32}.CompanyServer|Any CPU.ActiveCfg = CompanyServer|Any CPU
		{3625134D-BF70-4481-A2E8-4150256DEF32}.CompanyServer|Any CPU.Build.0 = CompanyServer|Any CPU
		{3625134D-BF70-4481-A2E8-4150256DEF32}.Debug|Any CPU.ActiveCfg = Debug|Any CPU
		{3625134D-BF70-4481-A2E8-4150256DEF32}.Debug|Any CPU.Build.0 = Debug|Any CPU
		{3625134D-BF70-4481-A2E8-4150256DEF32}.Release|Any CPU.ActiveCfg = Release|Any CPU
		{3625134D-BF70-4481-A2E8-4150256DEF32}.Release|Any CPU.Build.0 = Release|Any CPU
		{349B8473-E13C-4C43-A204-BDD08E8AB466}.CompanyServer|Any CPU.ActiveCfg = CompanyServer|Any CPU
		{349B8473-E13C-4C43-A204-BDD08E8AB466}.CompanyServer|Any CPU.Build.0 = CompanyServer|Any CPU
		{349B8473-E13C-4C43-A204-BDD08E8AB466}.Debug|Any CPU.ActiveCfg = Debug|Any CPU
		{349B8473-E13C-4C43-A204-BDD08E8AB466}.Debug|Any CPU.Build.0 = Debug|Any CPU
		{349B8473-E13C-4C43-A204-BDD08E8AB466}.Release|Any CPU.ActiveCfg = Release|Any CPU
		{349B8473-E13C-4C43-A204-BDD08E8AB466}.Release|Any CPU.Build.0 = Release|Any CPU
		{BAD1D890-D10F-4FBB-85DA-E6722F07619C}.CompanyServer|Any CPU.ActiveCfg = CompanyServer|Any CPU
		{BAD1D890-D10F-4FBB-85DA-E6722F07619C}.CompanyServer|Any CPU.Build.0 = CompanyServer|Any CPU
		{BAD1D890-D10F-4FBB-85DA-E6722F07619C}.Debug|Any CPU.ActiveCfg = Debug|Any CPU
		{BAD1D890-D10F-4FBB-85DA-E6722F07619C}.Debug|Any CPU.Build.0 = Debug|Any CPU
		{BAD1D890-D10F-4FBB-85DA-E6722F07619C}.Release|Any CPU.ActiveCfg = Release|Any CPU
		{BAD1D890-D10F-4FBB-85DA-E6722F07619C}.Release|Any CPU.Build.0 = Release|Any CPU
		{AF4CAA4D-3EBA-4A06-9BAF-2F096784D06E}.CompanyServer|Any CPU.ActiveCfg = CompanyServer|Any CPU
		{AF4CAA4D-3EBA-4A06-9BAF-2F096784D06E}.CompanyServer|Any CPU.Build.0 = CompanyServer|Any CPU
		{AF4CAA4D-3EBA-4A06-9BAF-2F096784D06E}.Debug|Any CPU.ActiveCfg = Debug|Any CPU
		{AF4CAA4D-3EBA-4A06-9BAF-2F096784D06E}.Debug|Any CPU.Build.0 = Debug|Any CPU
		{AF4CAA4D-3EBA-4A06-9BAF-2F096784D06E}.Release|Any CPU.ActiveCfg = Release|Any CPU
		{AF4CAA4D-3EBA-4A06-9BAF-2F096784D06E}.Release|Any CPU.Build.0 = Release|Any CPU
		{E7C8F610-DF4E-4C30-A7A3-60C1F7EBCE79}.CompanyServer|Any CPU.ActiveCfg = CompanyServer|Any CPU
		{E7C8F610-DF4E-4C30-A7A3-60C1F7EBCE79}.CompanyServer|Any CPU.Build.0 = CompanyServer|Any CPU
		{E7C8F610-DF4E-4C30-A7A3-60C1F7EBCE79}.Debug|Any CPU.ActiveCfg = Debug|Any CPU
		{E7C8F610-DF4E-4C30-A7A3-60C1F7EBCE79}.Debug|Any CPU.Build.0 = Debug|Any CPU
		{E7C8F610-DF4E-4C30-A7A3-60C1F7EBCE79}.Release|Any CPU.ActiveCfg = Release|Any CPU
		{E7C8F610-DF4E-4C30-A7A3-60C1F7EBCE79}.Release|Any CPU.Build.0 = Release|Any CPU
		{8B2AF470-27A1-4DC9-B228-0942DC9E85A1}.CompanyServer|Any CPU.ActiveCfg = CompanyServer|Any CPU
		{8B2AF470-27A1-4DC9-B228-0942DC9E85A1}.CompanyServer|Any CPU.Build.0 = CompanyServer|Any CPU
		{8B2AF470-27A1-4DC9-B228-0942DC9E85A1}.Debug|Any CPU.ActiveCfg = Debug|Any CPU
		{8B2AF470-27A1-4DC9-B228-0942DC9E85A1}.Debug|Any CPU.Build.0 = Debug|Any CPU
		{8B2AF470-27A1-4DC9-B228-0942DC9E85A1}.Release|Any CPU.ActiveCfg = Release|Any CPU
		{8B2AF470-27A1-4DC9-B228-0942DC9E85A1}.Release|Any CPU.Build.0 = Release|Any CPU
		{24167913-2CDB-4AD5-8974-CB378F5E752A}.CompanyServer|Any CPU.ActiveCfg = Release|Any CPU
		{24167913-2CDB-4AD5-8974-CB378F5E752A}.CompanyServer|Any CPU.Build.0 = Release|Any CPU
		{24167913-2CDB-4AD5-8974-CB378F5E752A}.Debug|Any CPU.ActiveCfg = Debug|Any CPU
		{24167913-2CDB-4AD5-8974-CB378F5E752A}.Debug|Any CPU.Build.0 = Debug|Any CPU
		{24167913-2CDB-4AD5-8974-CB378F5E752A}.Release|Any CPU.ActiveCfg = Release|Any CPU
		{24167913-2CDB-4AD5-8974-CB378F5E752A}.Release|Any CPU.Build.0 = Release|Any CPU
		{D10A4090-C626-418E-82CD-5A49983C5660}.CompanyServer|Any CPU.ActiveCfg = Release|Any CPU
		{D10A4090-C626-418E-82CD-5A49983C5660}.CompanyServer|Any CPU.Build.0 = Release|Any CPU
		{D10A4090-C626-418E-82CD-5A49983C5660}.Debug|Any CPU.ActiveCfg = Debug|Any CPU
		{D10A4090-C626-418E-82CD-5A49983C5660}.Debug|Any CPU.Build.0 = Debug|Any CPU
		{D10A4090-C626-418E-82CD-5A49983C5660}.Release|Any CPU.ActiveCfg = Release|Any CPU
		{D10A4090-C626-418E-82CD-5A49983C5660}.Release|Any CPU.Build.0 = Release|Any CPU
		{D9A54414-424A-4EA7-B84B-41A6E9E25453}.CompanyServer|Any CPU.ActiveCfg = Release|Any CPU
		{D9A54414-424A-4EA7-B84B-41A6E9E25453}.CompanyServer|Any CPU.Build.0 = Release|Any CPU
		{D9A54414-424A-4EA7-B84B-41A6E9E25453}.Debug|Any CPU.ActiveCfg = Debug|Any CPU
		{D9A54414-424A-4EA7-B84B-41A6E9E25453}.Debug|Any CPU.Build.0 = Debug|Any CPU
		{D9A54414-424A-4EA7-B84B-41A6E9E25453}.Release|Any CPU.ActiveCfg = Release|Any CPU
		{D9A54414-424A-4EA7-B84B-41A6E9E25453}.Release|Any CPU.Build.0 = Release|Any CPU
	EndGlobalSection
	GlobalSection(SolutionProperties) = preSolution
		HideSolutionNode = FALSE
	EndGlobalSection
	GlobalSection(NestedProjects) = preSolution
		{89C93A27-AED6-4DB7-95E0-168C8C6E4531} = {9DB5E405-3DB3-4DCA-B035-F7613923DCDD}
		{B17FC72A-8690-4072-B49F-EC98AB59F944} = {9DB5E405-3DB3-4DCA-B035-F7613923DCDD}
		{C7DF2C8C-8EDB-4CB0-A384-412EC7B8B14F} = {088B6A77-501B-439B-9236-5534BC0A6B1A}
		{EC57DD19-5FAE-4217-AD83-6914E2718C71} = {088B6A77-501B-439B-9236-5534BC0A6B1A}
		{C9F71545-1363-4AD1-B50B-DC903FD66770} = {9DB5E405-3DB3-4DCA-B035-F7613923DCDD}
		{3625134D-BF70-4481-A2E8-4150256DEF32} = {9DB5E405-3DB3-4DCA-B035-F7613923DCDD}
		{349B8473-E13C-4C43-A204-BDD08E8AB466} = {E4866795-707E-4901-884A-7B14630E045C}
		{BAD1D890-D10F-4FBB-85DA-E6722F07619C} = {E4866795-707E-4901-884A-7B14630E045C}
		{AF4CAA4D-3EBA-4A06-9BAF-2F096784D06E} = {088B6A77-501B-439B-9236-5534BC0A6B1A}
		{24167913-2CDB-4AD5-8974-CB378F5E752A} = {E4866795-707E-4901-884A-7B14630E045C}
	EndGlobalSection
EndGlobal
